// !$*UTF8*$!
{
	archiveVersion = 1;
	classes = {
	};
	objectVersion = 50;
	objects = {

/* Begin PBXBuildFile section */
		9230A66422C5BBE50005DAEE /* UserViewController.swift in Sources */ = {isa = PBXBuildFile; fileRef = 9230A66322C5BBE50005DAEE /* UserViewController.swift */; };
		927848FB22C0D97200B7A541 /* AppDelegate.swift in Sources */ = {isa = PBXBuildFile; fileRef = 927848FA22C0D97200B7A541 /* AppDelegate.swift */; };
		9278490022C0D97200B7A541 /* Main.storyboard in Resources */ = {isa = PBXBuildFile; fileRef = 927848FE22C0D97200B7A541 /* Main.storyboard */; };
		9278490222C0D97300B7A541 /* Assets.xcassets in Resources */ = {isa = PBXBuildFile; fileRef = 9278490122C0D97300B7A541 /* Assets.xcassets */; };
		9278490522C0D97300B7A541 /* LaunchScreen.storyboard in Resources */ = {isa = PBXBuildFile; fileRef = 9278490322C0D97300B7A541 /* LaunchScreen.storyboard */; };
		9278490D22C0DA0400B7A541 /* UsersViewController.swift in Sources */ = {isa = PBXBuildFile; fileRef = 9278490C22C0DA0400B7A541 /* UsersViewController.swift */; };
		9278491422C0DB6500B7A541 /* User.swift in Sources */ = {isa = PBXBuildFile; fileRef = 9278491322C0DB6500B7A541 /* User.swift */; };
		92A57E2B22C0DC4D000160A1 /* Address.swift in Sources */ = {isa = PBXBuildFile; fileRef = 92A57E2A22C0DC4D000160A1 /* Address.swift */; };
		92A57E2D22C0DC60000160A1 /* Geo.swift in Sources */ = {isa = PBXBuildFile; fileRef = 92A57E2C22C0DC60000160A1 /* Geo.swift */; };
		92A57E2F22C0DC6E000160A1 /* Company.swift in Sources */ = {isa = PBXBuildFile; fileRef = 92A57E2E22C0DC6E000160A1 /* Company.swift */; };
		92A57E3122C0DC90000160A1 /* UserService.swift in Sources */ = {isa = PBXBuildFile; fileRef = 92A57E3022C0DC90000160A1 /* UserService.swift */; };
		92A57E3322C0DC9A000160A1 /* UserDataService.swift in Sources */ = {isa = PBXBuildFile; fileRef = 92A57E3222C0DC9A000160A1 /* UserDataService.swift */; };
		92A57E3522C0DCA7000160A1 /* ViewModelState.swift in Sources */ = {isa = PBXBuildFile; fileRef = 92A57E3422C0DCA7000160A1 /* ViewModelState.swift */; };
		92A57E3722C0DE2B000160A1 /* Resources.swift in Sources */ = {isa = PBXBuildFile; fileRef = 92A57E3622C0DE2B000160A1 /* Resources.swift */; };
		92A57E3922C0E0B0000160A1 /* UsersViewModel.swift in Sources */ = {isa = PBXBuildFile; fileRef = 92A57E3822C0E0B0000160A1 /* UsersViewModel.swift */; };
		92BB9E5A22C5BE43008DFC6E /* UserViewModel.swift in Sources */ = {isa = PBXBuildFile; fileRef = 92BB9E5922C5BE43008DFC6E /* UserViewModel.swift */; };
		A2D8BA3D6A415952775A9BDB /* Pods_MVVM_Moya.framework in Frameworks */ = {isa = PBXBuildFile; fileRef = 3716FC2FBB63F910642BA37D /* Pods_MVVM_Moya.framework */; };
/* End PBXBuildFile section */

/* Begin PBXFileReference section */
		1A8A55C81129A532DE6676C6 /* Pods-MVVM Moya.release.xcconfig */ = {isa = PBXFileReference; includeInIndex = 1; lastKnownFileType = text.xcconfig; name = "Pods-MVVM Moya.release.xcconfig"; path = "Pods/Target Support Files/Pods-MVVM Moya/Pods-MVVM Moya.release.xcconfig"; sourceTree = "<group>"; };
		3716FC2FBB63F910642BA37D /* Pods_MVVM_Moya.framework */ = {isa = PBXFileReference; explicitFileType = wrapper.framework; includeInIndex = 0; path = Pods_MVVM_Moya.framework; sourceTree = BUILT_PRODUCTS_DIR; };
		8E8542C3DE349D974AE7CFA3 /* Pods-MVVM Moya.debug.xcconfig */ = {isa = PBXFileReference; includeInIndex = 1; lastKnownFileType = text.xcconfig; name = "Pods-MVVM Moya.debug.xcconfig"; path = "Pods/Target Support Files/Pods-MVVM Moya/Pods-MVVM Moya.debug.xcconfig"; sourceTree = "<group>"; };
		9230A66322C5BBE50005DAEE /* UserViewController.swift */ = {isa = PBXFileReference; lastKnownFileType = sourcecode.swift; path = UserViewController.swift; sourceTree = "<group>"; };
		927848F722C0D97200B7A541 /* MVVM Moya.app */ = {isa = PBXFileReference; explicitFileType = wrapper.application; includeInIndex = 0; path = "MVVM Moya.app"; sourceTree = BUILT_PRODUCTS_DIR; };
		927848FA22C0D97200B7A541 /* AppDelegate.swift */ = {isa = PBXFileReference; lastKnownFileType = sourcecode.swift; path = AppDelegate.swift; sourceTree = "<group>"; };
		927848FF22C0D97200B7A541 /* Base */ = {isa = PBXFileReference; lastKnownFileType = file.storyboard; name = Base; path = Base.lproj/Main.storyboard; sourceTree = "<group>"; };
		9278490122C0D97300B7A541 /* Assets.xcassets */ = {isa = PBXFileReference; lastKnownFileType = folder.assetcatalog; path = Assets.xcassets; sourceTree = "<group>"; };
		9278490422C0D97300B7A541 /* Base */ = {isa = PBXFileReference; lastKnownFileType = file.storyboard; name = Base; path = Base.lproj/LaunchScreen.storyboard; sourceTree = "<group>"; };
		9278490622C0D97300B7A541 /* Info.plist */ = {isa = PBXFileReference; lastKnownFileType = text.plist.xml; path = Info.plist; sourceTree = "<group>"; };
		9278490C22C0DA0400B7A541 /* UsersViewController.swift */ = {isa = PBXFileReference; lastKnownFileType = sourcecode.swift; path = UsersViewController.swift; sourceTree = "<group>"; };
		9278491322C0DB6500B7A541 /* User.swift */ = {isa = PBXFileReference; lastKnownFileType = sourcecode.swift; path = User.swift; sourceTree = "<group>"; };
		92A57E2A22C0DC4D000160A1 /* Address.swift */ = {isa = PBXFileReference; lastKnownFileType = sourcecode.swift; path = Address.swift; sourceTree = "<group>"; };
		92A57E2C22C0DC60000160A1 /* Geo.swift */ = {isa = PBXFileReference; lastKnownFileType = sourcecode.swift; path = Geo.swift; sourceTree = "<group>"; };
		92A57E2E22C0DC6E000160A1 /* Company.swift */ = {isa = PBXFileReference; lastKnownFileType = sourcecode.swift; path = Company.swift; sourceTree = "<group>"; };
		92A57E3022C0DC90000160A1 /* UserService.swift */ = {isa = PBXFileReference; lastKnownFileType = sourcecode.swift; path = UserService.swift; sourceTree = "<group>"; };
		92A57E3222C0DC9A000160A1 /* UserDataService.swift */ = {isa = PBXFileReference; lastKnownFileType = sourcecode.swift; path = UserDataService.swift; sourceTree = "<group>"; };
		92A57E3422C0DCA7000160A1 /* ViewModelState.swift */ = {isa = PBXFileReference; lastKnownFileType = sourcecode.swift; path = ViewModelState.swift; sourceTree = "<group>"; };
		92A57E3622C0DE2B000160A1 /* Resources.swift */ = {isa = PBXFileReference; lastKnownFileType = sourcecode.swift; path = Resources.swift; sourceTree = "<group>"; };
		92A57E3822C0E0B0000160A1 /* UsersViewModel.swift */ = {isa = PBXFileReference; lastKnownFileType = sourcecode.swift; path = UsersViewModel.swift; sourceTree = "<group>"; };
		92BB9E5922C5BE43008DFC6E /* UserViewModel.swift */ = {isa = PBXFileReference; lastKnownFileType = sourcecode.swift; path = UserViewModel.swift; sourceTree = "<group>"; };
/* End PBXFileReference section */

/* Begin PBXFrameworksBuildPhase section */
		927848F422C0D97200B7A541 /* Frameworks */ = {
			isa = PBXFrameworksBuildPhase;
			buildActionMask = 2147483647;
			files = (
				A2D8BA3D6A415952775A9BDB /* Pods_MVVM_Moya.framework in Frameworks */,
			);
			runOnlyForDeploymentPostprocessing = 0;
		};
/* End PBXFrameworksBuildPhase section */

/* Begin PBXGroup section */
		927848EE22C0D97200B7A541 = {
			isa = PBXGroup;
			children = (
				927848F922C0D97200B7A541 /* MVVM Moya */,
				927848F822C0D97200B7A541 /* Products */,
				D5BD58FB0AA229CD2DC54323 /* Pods */,
				F52FFD9F929EAC0E3072A4D3 /* Frameworks */,
			);
			sourceTree = "<group>";
		};
		927848F822C0D97200B7A541 /* Products */ = {
			isa = PBXGroup;
			children = (
				927848F722C0D97200B7A541 /* MVVM Moya.app */,
			);
			name = Products;
			sourceTree = "<group>";
		};
		927848F922C0D97200B7A541 /* MVVM Moya */ = {
			isa = PBXGroup;
			children = (
				9278491122C0DB2700B7A541 /* Services */,
				9278491022C0DB2200B7A541 /* Models */,
				9278490E22C0DB0A00B7A541 /* View Models */,
				9278490F22C0DB1100B7A541 /* Views */,
				927848FA22C0D97200B7A541 /* AppDelegate.swift */,
				9278490622C0D97300B7A541 /* Info.plist */,
				92A57E3622C0DE2B000160A1 /* Resources.swift */,
			);
			path = "MVVM Moya";
			sourceTree = "<group>";
		};
		9278490E22C0DB0A00B7A541 /* View Models */ = {
			isa = PBXGroup;
			children = (
				92A57E3422C0DCA7000160A1 /* ViewModelState.swift */,
				92A57E3822C0E0B0000160A1 /* UsersViewModel.swift */,
				92BB9E5922C5BE43008DFC6E /* UserViewModel.swift */,
			);
			path = "View Models";
			sourceTree = "<group>";
		};
		9278490F22C0DB1100B7A541 /* Views */ = {
			isa = PBXGroup;
			children = (
				927848FE22C0D97200B7A541 /* Main.storyboard */,
				9278490122C0D97300B7A541 /* Assets.xcassets */,
				9278490322C0D97300B7A541 /* LaunchScreen.storyboard */,
				9278490C22C0DA0400B7A541 /* UsersViewController.swift */,
				9230A66322C5BBE50005DAEE /* UserViewController.swift */,
			);
			path = Views;
			sourceTree = "<group>";
		};
		9278491022C0DB2200B7A541 /* Models */ = {
			isa = PBXGroup;
			children = (
				9278491322C0DB6500B7A541 /* User.swift */,
				92A57E2A22C0DC4D000160A1 /* Address.swift */,
				92A57E2C22C0DC60000160A1 /* Geo.swift */,
				92A57E2E22C0DC6E000160A1 /* Company.swift */,
			);
			path = Models;
			sourceTree = "<group>";
		};
		9278491122C0DB2700B7A541 /* Services */ = {
			isa = PBXGroup;
			children = (
				92A57E3022C0DC90000160A1 /* UserService.swift */,
				92A57E3222C0DC9A000160A1 /* UserDataService.swift */,
			);
			path = Services;
			sourceTree = "<group>";
		};
		D5BD58FB0AA229CD2DC54323 /* Pods */ = {
			isa = PBXGroup;
			children = (
				8E8542C3DE349D974AE7CFA3 /* Pods-MVVM Moya.debug.xcconfig */,
				1A8A55C81129A532DE6676C6 /* Pods-MVVM Moya.release.xcconfig */,
			);
			name = Pods;
			sourceTree = "<group>";
		};
		F52FFD9F929EAC0E3072A4D3 /* Frameworks */ = {
			isa = PBXGroup;
			children = (
				3716FC2FBB63F910642BA37D /* Pods_MVVM_Moya.framework */,
			);
			name = Frameworks;
			sourceTree = "<group>";
		};
/* End PBXGroup section */

/* Begin PBXNativeTarget section */
		927848F622C0D97200B7A541 /* MVVM Moya */ = {
			isa = PBXNativeTarget;
			buildConfigurationList = 9278490922C0D97300B7A541 /* Build configuration list for PBXNativeTarget "MVVM Moya" */;
			buildPhases = (
				8EC403108691EA9EA6515406 /* [CP] Check Pods Manifest.lock */,
				927848F322C0D97200B7A541 /* Sources */,
				927848F422C0D97200B7A541 /* Frameworks */,
				927848F522C0D97200B7A541 /* Resources */,
				0311237BB4FE922267AF3A76 /* [CP] Embed Pods Frameworks */,
			);
			buildRules = (
			);
			dependencies = (
			);
			name = "MVVM Moya";
			productName = "MVVM Moya";
			productReference = 927848F722C0D97200B7A541 /* MVVM Moya.app */;
			productType = "com.apple.product-type.application";
		};
/* End PBXNativeTarget section */

/* Begin PBXProject section */
		927848EF22C0D97200B7A541 /* Project object */ = {
			isa = PBXProject;
			attributes = {
				LastSwiftUpdateCheck = 1010;
				LastUpgradeCheck = 1010;
				ORGANIZATIONNAME = "Arifin Firdaus";
				TargetAttributes = {
					927848F622C0D97200B7A541 = {
						CreatedOnToolsVersion = 10.1;
					};
				};
			};
			buildConfigurationList = 927848F222C0D97200B7A541 /* Build configuration list for PBXProject "MVVM Moya" */;
			compatibilityVersion = "Xcode 9.3";
			developmentRegion = en;
			hasScannedForEncodings = 0;
			knownRegions = (
				en,
				Base,
			);
			mainGroup = 927848EE22C0D97200B7A541;
			productRefGroup = 927848F822C0D97200B7A541 /* Products */;
			projectDirPath = "";
			projectRoot = "";
			targets = (
				927848F622C0D97200B7A541 /* MVVM Moya */,
			);
		};
/* End PBXProject section */

/* Begin PBXResourcesBuildPhase section */
		927848F522C0D97200B7A541 /* Resources */ = {
			isa = PBXResourcesBuildPhase;
			buildActionMask = 2147483647;
			files = (
				9278490522C0D97300B7A541 /* LaunchScreen.storyboard in Resources */,
				9278490222C0D97300B7A541 /* Assets.xcassets in Resources */,
				9278490022C0D97200B7A541 /* Main.storyboard in Resources */,
			);
			runOnlyForDeploymentPostprocessing = 0;
		};
/* End PBXResourcesBuildPhase section */

/* Begin PBXShellScriptBuildPhase section */
		0311237BB4FE922267AF3A76 /* [CP] Embed Pods Frameworks */ = {
			isa = PBXShellScriptBuildPhase;
			buildActionMask = 2147483647;
			files = (
			);
			inputPaths = (
				"${SRCROOT}/Pods/Target Support Files/Pods-MVVM Moya/Pods-MVVM Moya-frameworks.sh",
				"${BUILT_PRODUCTS_DIR}/Alamofire/Alamofire.framework",
				"${BUILT_PRODUCTS_DIR}/Moya/Moya.framework",
				"${BUILT_PRODUCTS_DIR}/Result/Result.framework",
			);
			name = "[CP] Embed Pods Frameworks";
			outputPaths = (
				"${TARGET_BUILD_DIR}/${FRAMEWORKS_FOLDER_PATH}/Alamofire.framework",
				"${TARGET_BUILD_DIR}/${FRAMEWORKS_FOLDER_PATH}/Moya.framework",
				"${TARGET_BUILD_DIR}/${FRAMEWORKS_FOLDER_PATH}/Result.framework",
			);
			runOnlyForDeploymentPostprocessing = 0;
			shellPath = /bin/sh;
			shellScript = "\"${SRCROOT}/Pods/Target Support Files/Pods-MVVM Moya/Pods-MVVM Moya-frameworks.sh\"\n";
			showEnvVarsInLog = 0;
		};
		8EC403108691EA9EA6515406 /* [CP] Check Pods Manifest.lock */ = {
			isa = PBXShellScriptBuildPhase;
			buildActionMask = 2147483647;
			files = (
			);
			inputPaths = (
				"${PODS_PODFILE_DIR_PATH}/Podfile.lock",
				"${PODS_ROOT}/Manifest.lock",
			);
			name = "[CP] Check Pods Manifest.lock";
			outputPaths = (
				"$(DERIVED_FILE_DIR)/Pods-MVVM Moya-checkManifestLockResult.txt",
			);
			runOnlyForDeploymentPostprocessing = 0;
			shellPath = /bin/sh;
			shellScript = "diff \"${PODS_PODFILE_DIR_PATH}/Podfile.lock\" \"${PODS_ROOT}/Manifest.lock\" > /dev/null\nif [ $? != 0 ] ; then\n    # print error to STDERR\n    echo \"error: The sandbox is not in sync with the Podfile.lock. Run 'pod install' or update your CocoaPods installation.\" >&2\n    exit 1\nfi\n# This output is used by Xcode 'outputs' to avoid re-running this script phase.\necho \"SUCCESS\" > \"${SCRIPT_OUTPUT_FILE_0}\"\n";
			showEnvVarsInLog = 0;
		};
/* End PBXShellScriptBuildPhase section */

/* Begin PBXSourcesBuildPhase section */
		927848F322C0D97200B7A541 /* Sources */ = {
			isa = PBXSourcesBuildPhase;
			buildActionMask = 2147483647;
			files = (
				92A57E3922C0E0B0000160A1 /* UsersViewModel.swift in Sources */,
				9230A66422C5BBE50005DAEE /* UserViewController.swift in Sources */,
				92A57E3122C0DC90000160A1 /* UserService.swift in Sources */,
				927848FB22C0D97200B7A541 /* AppDelegate.swift in Sources */,
				92A57E3322C0DC9A000160A1 /* UserDataService.swift in Sources */,
				92A57E3722C0DE2B000160A1 /* Resources.swift in Sources */,
				9278490D22C0DA0400B7A541 /* UsersViewController.swift in Sources */,
				92A57E2B22C0DC4D000160A1 /* Address.swift in Sources */,
				9278491422C0DB6500B7A541 /* User.swift in Sources */,
				92BB9E5A22C5BE43008DFC6E /* UserViewModel.swift in Sources */,
				92A57E2D22C0DC60000160A1 /* Geo.swift in Sources */,
				92A57E2F22C0DC6E000160A1 /* Company.swift in Sources */,
				92A57E3522C0DCA7000160A1 /* ViewModelState.swift in Sources */,
			);
			runOnlyForDeploymentPostprocessing = 0;
		};
/* End PBXSourcesBuildPhase section */

/* Begin PBXVariantGroup section */
		927848FE22C0D97200B7A541 /* Main.storyboard */ = {
			isa = PBXVariantGroup;
			children = (
				927848FF22C0D97200B7A541 /* Base */,
			);
			name = Main.storyboard;
			sourceTree = "<group>";
		};
		9278490322C0D97300B7A541 /* LaunchScreen.storyboard */ = {
			isa = PBXVariantGroup;
			children = (
				9278490422C0D97300B7A541 /* Base */,
			);
			name = LaunchScreen.storyboard;
			sourceTree = "<group>";
		};
/* End PBXVariantGroup section */

/* Begin XCBuildConfiguration section */
		9278490722C0D97300B7A541 /* Debug */ = {
			isa = XCBuildConfiguration;
			buildSettings = {
				ALWAYS_SEARCH_USER_PATHS = NO;
				CLANG_ANALYZER_NONNULL = YES;
				CLANG_ANALYZER_NUMBER_OBJECT_CONVERSION = YES_AGGRESSIVE;
				CLANG_CXX_LANGUAGE_STANDARD = "gnu++14";
				CLANG_CXX_LIBRARY = "libc++";
				CLANG_ENABLE_MODULES = YES;
				CLANG_ENABLE_OBJC_ARC = YES;
				CLANG_ENABLE_OBJC_WEAK = YES;
				CLANG_WARN_BLOCK_CAPTURE_AUTORELEASING = YES;
				CLANG_WARN_BOOL_CONVERSION = YES;
				CLANG_WARN_COMMA = YES;
				CLANG_WARN_CONSTANT_CONVERSION = YES;
				CLANG_WARN_DEPRECATED_OBJC_IMPLEMENTATIONS = YES;
				CLANG_WARN_DIRECT_OBJC_ISA_USAGE = YES_ERROR;
				CLANG_WARN_DOCUMENTATION_COMMENTS = YES;
				CLANG_WARN_EMPTY_BODY = YES;
				CLANG_WARN_ENUM_CONVERSION = YES;
				CLANG_WARN_INFINITE_RECURSION = YES;
				CLANG_WARN_INT_CONVERSION = YES;
				CLANG_WARN_NON_LITERAL_NULL_CONVERSION = YES;
				CLANG_WARN_OBJC_IMPLICIT_RETAIN_SELF = YES;
				CLANG_WARN_OBJC_LITERAL_CONVERSION = YES;
				CLANG_WARN_OBJC_ROOT_CLASS = YES_ERROR;
				CLANG_WARN_RANGE_LOOP_ANALYSIS = YES;
				CLANG_WARN_STRICT_PROTOTYPES = YES;
				CLANG_WARN_SUSPICIOUS_MOVE = YES;
				CLANG_WARN_UNGUARDED_AVAILABILITY = YES_AGGRESSIVE;
				CLANG_WARN_UNREACHABLE_CODE = YES;
				CLANG_WARN__DUPLICATE_METHOD_MATCH = YES;
				CODE_SIGN_IDENTITY = "iPhone Developer";
				COPY_PHASE_STRIP = NO;
				DEBUG_INFORMATION_FORMAT = dwarf;
				ENABLE_STRICT_OBJC_MSGSEND = YES;
				ENABLE_TESTABILITY = YES;
				GCC_C_LANGUAGE_STANDARD = gnu11;
				GCC_DYNAMIC_NO_PIC = NO;
				GCC_NO_COMMON_BLOCKS = YES;
				GCC_OPTIMIZATION_LEVEL = 0;
				GCC_PREPROCESSOR_DEFINITIONS = (
					"DEBUG=1",
					"$(inherited)",
				);
				GCC_WARN_64_TO_32_BIT_CONVERSION = YES;
				GCC_WARN_ABOUT_RETURN_TYPE = YES_ERROR;
				GCC_WARN_UNDECLARED_SELECTOR = YES;
				GCC_WARN_UNINITIALIZED_AUTOS = YES_AGGRESSIVE;
				GCC_WARN_UNUSED_FUNCTION = YES;
				GCC_WARN_UNUSED_VARIABLE = YES;
				IPHONEOS_DEPLOYMENT_TARGET = 12.1;
				MTL_ENABLE_DEBUG_INFO = INCLUDE_SOURCE;
				MTL_FAST_MATH = YES;
				ONLY_ACTIVE_ARCH = YES;
				SDKROOT = iphoneos;
				SWIFT_ACTIVE_COMPILATION_CONDITIONS = DEBUG;
				SWIFT_OPTIMIZATION_LEVEL = "-Onone";
			};
			name = Debug;
		};
		9278490822C0D97300B7A541 /* Release */ = {
			isa = XCBuildConfiguration;
			buildSettings = {
				ALWAYS_SEARCH_USER_PATHS = NO;
				CLANG_ANALYZER_NONNULL = YES;
				CLANG_ANALYZER_NUMBER_OBJECT_CONVERSION = YES_AGGRESSIVE;
				CLANG_CXX_LANGUAGE_STANDARD = "gnu++14";
				CLANG_CXX_LIBRARY = "libc++";
				CLANG_ENABLE_MODULES = YES;
				CLANG_ENABLE_OBJC_ARC = YES;
				CLANG_ENABLE_OBJC_WEAK = YES;
				CLANG_WARN_BLOCK_CAPTURE_AUTORELEASING = YES;
				CLANG_WARN_BOOL_CONVERSION = YES;
				CLANG_WARN_COMMA = YES;
				CLANG_WARN_CONSTANT_CONVERSION = YES;
				CLANG_WARN_DEPRECATED_OBJC_IMPLEMENTATIONS = YES;
				CLANG_WARN_DIRECT_OBJC_ISA_USAGE = YES_ERROR;
				CLANG_WARN_DOCUMENTATION_COMMENTS = YES;
				CLANG_WARN_EMPTY_BODY = YES;
				CLANG_WARN_ENUM_CONVERSION = YES;
				CLANG_WARN_INFINITE_RECURSION = YES;
				CLANG_WARN_INT_CONVERSION = YES;
				CLANG_WARN_NON_LITERAL_NULL_CONVERSION = YES;
				CLANG_WARN_OBJC_IMPLICIT_RETAIN_SELF = YES;
				CLANG_WARN_OBJC_LITERAL_CONVERSION = YES;
				CLANG_WARN_OBJC_ROOT_CLASS = YES_ERROR;
				CLANG_WARN_RANGE_LOOP_ANALYSIS = YES;
				CLANG_WARN_STRICT_PROTOTYPES = YES;
				CLANG_WARN_SUSPICIOUS_MOVE = YES;
				CLANG_WARN_UNGUARDED_AVAILABILITY = YES_AGGRESSIVE;
				CLANG_WARN_UNREACHABLE_CODE = YES;
				CLANG_WARN__DUPLICATE_METHOD_MATCH = YES;
				CODE_SIGN_IDENTITY = "iPhone Developer";
				COPY_PHASE_STRIP = NO;
				DEBUG_INFORMATION_FORMAT = "dwarf-with-dsym";
				ENABLE_NS_ASSERTIONS = NO;
				ENABLE_STRICT_OBJC_MSGSEND = YES;
				GCC_C_LANGUAGE_STANDARD = gnu11;
				GCC_NO_COMMON_BLOCKS = YES;
				GCC_WARN_64_TO_32_BIT_CONVERSION = YES;
				GCC_WARN_ABOUT_RETURN_TYPE = YES_ERROR;
				GCC_WARN_UNDECLARED_SELECTOR = YES;
				GCC_WARN_UNINITIALIZED_AUTOS = YES_AGGRESSIVE;
				GCC_WARN_UNUSED_FUNCTION = YES;
				GCC_WARN_UNUSED_VARIABLE = YES;
				IPHONEOS_DEPLOYMENT_TARGET = 12.1;
				MTL_ENABLE_DEBUG_INFO = NO;
				MTL_FAST_MATH = YES;
				SDKROOT = iphoneos;
				SWIFT_COMPILATION_MODE = wholemodule;
				SWIFT_OPTIMIZATION_LEVEL = "-O";
				VALIDATE_PRODUCT = YES;
			};
			name = Release;
		};
		9278490A22C0D97300B7A541 /* Debug */ = {
			isa = XCBuildConfiguration;
			baseConfigurationReference = 8E8542C3DE349D974AE7CFA3 /* Pods-MVVM Moya.debug.xcconfig */;
			buildSettings = {
				ASSETCATALOG_COMPILER_APPICON_NAME = AppIcon;
				CODE_SIGN_STYLE = Automatic;
				DEVELOPMENT_TEAM = V6T249GHKX;
				INFOPLIST_FILE = "MVVM Moya/Info.plist";
				LD_RUNPATH_SEARCH_PATHS = (
					"$(inherited)",
					"@executable_path/Frameworks",
				);
				PRODUCT_BUNDLE_IDENTIFIER = "com.arifnfrds.MVVM-Moya";
				PRODUCT_NAME = "$(TARGET_NAME)";
				SWIFT_VERSION = 4.2;
				TARGETED_DEVICE_FAMILY = "1,2";
			};
			name = Debug;
		};
		9278490B22C0D97300B7A541 /* Release */ = {
			isa = XCBuildConfiguration;
			baseConfigurationReference = 1A8A55C81129A532DE6676C6 /* Pods-MVVM Moya.release.xcconfig */;
			buildSettings = {
				ASSETCATALOG_COMPILER_APPICON_NAME = AppIcon;
				CODE_SIGN_STYLE = Automatic;
				DEVELOPMENT_TEAM = V6T249GHKX;
				INFOPLIST_FILE = "MVVM Moya/Info.plist";
				LD_RUNPATH_SEARCH_PATHS = (
					"$(inherited)",
					"@executable_path/Frameworks",
				);
				PRODUCT_BUNDLE_IDENTIFIER = "com.arifnfrds.MVVM-Moya";
				PRODUCT_NAME = "$(TARGET_NAME)";
				SWIFT_VERSION = 4.2;
				TARGETED_DEVICE_FAMILY = "1,2";
			};
			name = Release;
		};
/* End XCBuildConfiguration section */

/* Begin XCConfigurationList section */
		927848F222C0D97200B7A541 /* Build configuration list for PBXProject "MVVM Moya" */ = {
			isa = XCConfigurationList;
			buildConfigurations = (
				9278490722C0D97300B7A541 /* Debug */,
				9278490822C0D97300B7A541 /* Release */,
			);
			defaultConfigurationIsVisible = 0;
			defaultConfigurationName = Release;
		};
		9278490922C0D97300B7A541 /* Build configuration list for PBXNativeTarget "MVVM Moya" */ = {
			isa = XCConfigurationList;
			buildConfigurations = (
				9278490A22C0D97300B7A541 /* Debug */,
				9278490B22C0D97300B7A541 /* Release */,
			);
			defaultConfigurationIsVisible = 0;
			defaultConfigurationName = Release;
		};
/* End XCConfigurationList section */
	};
	rootObject = 927848EF22C0D97200B7A541 /* Project object */;
}
